
Microsoft Visual Studio Solution File, Format Version 12.00
# Visual Studio Version 16
VisualStudioVersion = 16.0.31424.327
MinimumVisualStudioVersion = 10.0.40219.1
Project("{8BC9CEB8-8B4A-11D0-8D11-00A0C91BC942}") = "Associative array", "Associative array.vcxproj", "{E2580F21-07AC-420A-9469-FCFA715D5FB4}"
EndProject
Project("{8BC9CEB8-8B4A-11D0-8D11-00A0C91BC942}") = "Associative Array UTests", "..\Associative Array UTests\Associative Array UTests.vcxproj", "{1BE18323-8F18-4978-BEA8-5F01614B22D2}"
EndProject
Global
	GlobalSection(SolutionConfigurationPlatforms) = preSolution
		Debug|x64 = Debug|x64
		Debug|x86 = Debug|x86
		Release|x64 = Release|x64
		Release|x86 = Release|x86
	EndGlobalSection
	GlobalSection(ProjectConfigurationPlatforms) = postSolution
		{E2580F21-07AC-420A-9469-FCFA715D5FB4}.Debug|x64.ActiveCfg = Debug|x64
		{E2580F21-07AC-420A-9469-FCFA715D5FB4}.Debug|x64.Build.0 = Debug|x64
		{E2580F21-07AC-420A-9469-FCFA715D5FB4}.Debug|x86.ActiveCfg = Debug|Win32
		{E2580F21-07AC-420A-9469-FCFA715D5FB4}.Debug|x86.Build.0 = Debug|Win32
		{E2580F21-07AC-420A-9469-FCFA715D5FB4}.Release|x64.ActiveCfg = Release|x64
		{E2580F21-07AC-420A-9469-FCFA715D5FB4}.Release|x64.Build.0 = Release|x64
		{E2580F21-07AC-420A-9469-FCFA715D5FB4}.Release|x86.ActiveCfg = Release|Win32
		{E2580F21-07AC-420A-9469-FCFA715D5FB4}.Release|x86.Build.0 = Release|Win32
		{1BE18323-8F18-4978-BEA8-5F01614B22D2}.Debug|x64.ActiveCfg = Debug|x64
		{1BE18323-8F18-4978-BEA8-5F01614B22D2}.Debug|x64.Build.0 = Debug|x64
		{1BE18323-8F18-4978-BEA8-5F01614B22D2}.Debug|x86.ActiveCfg = Debug|Win32
		{1BE18323-8F18-4978-BEA8-5F01614B22D2}.Debug|x86.Build.0 = Debug|Win32
		{1BE18323-8F18-4978-BEA8-5F01614B22D2}.Release|x64.ActiveCfg = Release|x64
		{1BE18323-8F18-4978-BEA8-5F01614B22D2}.Release|x64.Build.0 = Release|x64
		{1BE18323-8F18-4978-BEA8-5F01614B22D2}.Release|x86.ActiveCfg = Release|Win32
		{1BE18323-8F18-4978-BEA8-5F01614B22D2}.Release|x86.Build.0 = Release|Win32
	EndGlobalSection
	GlobalSection(SolutionProperties) = preSolution
		HideSolutionNode = FALSE
	EndGlobalSection
	GlobalSection(ExtensibilityGlobals) = postSolution
		SolutionGuid = {7241B09F-4462-4EFA-85B7-1D6D860D457C}
	EndGlobalSection
EndGlobal
